
Microsoft Visual Studio Solution File, Format Version 12.00
# Visual Studio Version 17
VisualStudioVersion = 17.0.31903.59
MinimumVisualStudioVersion = 10.0.40219.1
Project("{2150E333-8FDC-42A3-9474-1A3956D46DE8}") = "src", "src", "{FF776109-091E-46A0-9971-9F8F1DB6ECA8}"
EndProject
Project("{2150E333-8FDC-42A3-9474-1A3956D46DE8}") = "tests", "tests", "{AAFAD91F-F6C4-4958-A9CF-0E16AD99E0BD}"
EndProject
Project("{9A19103F-16F7-4668-BE54-9A1E7A4F7556}") = "Interfaces", "src\Interfaces\Interfaces.csproj", "{90525D6D-7F6A-4CD1-A397-741BF1CA33EB}"
EndProject
Project("{9A19103F-16F7-4668-BE54-9A1E7A4F7556}") = "Repository", "src\Repository\Repository.csproj", "{0FDA4091-9708-4F50-8752-B47775D400E8}"
EndProject
Project("{9A19103F-16F7-4668-BE54-9A1E7A4F7556}") = "UnitOfWork", "src\UnitOfWork\UnitOfWork.csproj", "{0A9B20C6-B245-45B1-B12E-BEBA5AB66960}"
EndProject
Project("{9A19103F-16F7-4668-BE54-9A1E7A4F7556}") = "IntegrationTests", "tests\Tests\IntegrationTests.csproj", "{5D31AAD0-5285-4FAB-BFCD-DD482F3E5F60}"
EndProject
Project("{FAE04EC0-301F-11D3-BF4B-00C04F79EFBC}") = "Domain", "Domain\Domain.csproj", "{13991863-092E-4F0A-B08E-F1CDFD57AAC6}"
EndProject
Global
	GlobalSection(SolutionConfigurationPlatforms) = preSolution
		Debug|Any CPU = Debug|Any CPU
		Debug|x64 = Debug|x64
		Debug|x86 = Debug|x86
		Release|Any CPU = Release|Any CPU
		Release|x64 = Release|x64
		Release|x86 = Release|x86
	EndGlobalSection
	GlobalSection(ProjectConfigurationPlatforms) = postSolution
		{90525D6D-7F6A-4CD1-A397-741BF1CA33EB}.Debug|Any CPU.ActiveCfg = Debug|Any CPU
		{90525D6D-7F6A-4CD1-A397-741BF1CA33EB}.Debug|Any CPU.Build.0 = Debug|Any CPU
		{90525D6D-7F6A-4CD1-A397-741BF1CA33EB}.Debug|x64.ActiveCfg = Debug|Any CPU
		{90525D6D-7F6A-4CD1-A397-741BF1CA33EB}.Debug|x64.Build.0 = Debug|Any CPU
		{90525D6D-7F6A-4CD1-A397-741BF1CA33EB}.Debug|x86.ActiveCfg = Debug|Any CPU
		{90525D6D-7F6A-4CD1-A397-741BF1CA33EB}.Debug|x86.Build.0 = Debug|Any CPU
		{90525D6D-7F6A-4CD1-A397-741BF1CA33EB}.Release|Any CPU.ActiveCfg = Release|Any CPU
		{90525D6D-7F6A-4CD1-A397-741BF1CA33EB}.Release|Any CPU.Build.0 = Release|Any CPU
		{90525D6D-7F6A-4CD1-A397-741BF1CA33EB}.Release|x64.ActiveCfg = Release|Any CPU
		{90525D6D-7F6A-4CD1-A397-741BF1CA33EB}.Release|x64.Build.0 = Release|Any CPU
		{90525D6D-7F6A-4CD1-A397-741BF1CA33EB}.Release|x86.ActiveCfg = Release|Any CPU
		{90525D6D-7F6A-4CD1-A397-741BF1CA33EB}.Release|x86.Build.0 = Release|Any CPU
		{0FDA4091-9708-4F50-8752-B47775D400E8}.Debug|Any CPU.ActiveCfg = Debug|Any CPU
		{0FDA4091-9708-4F50-8752-B47775D400E8}.Debug|Any CPU.Build.0 = Debug|Any CPU
		{0FDA4091-9708-4F50-8752-B47775D400E8}.Debug|x64.ActiveCfg = Debug|Any CPU
		{0FDA4091-9708-4F50-8752-B47775D400E8}.Debug|x64.Build.0 = Debug|Any CPU
		{0FDA4091-9708-4F50-8752-B47775D400E8}.Debug|x86.ActiveCfg = Debug|Any CPU
		{0FDA4091-9708-4F50-8752-B47775D400E8}.Debug|x86.Build.0 = Debug|Any CPU
		{0FDA4091-9708-4F50-8752-B47775D400E8}.Release|Any CPU.ActiveCfg = Release|Any CPU
		{0FDA4091-9708-4F50-8752-B47775D400E8}.Release|Any CPU.Build.0 = Release|Any CPU
		{0FDA4091-9708-4F50-8752-B47775D400E8}.Release|x64.ActiveCfg = Release|Any CPU
		{0FDA4091-9708-4F50-8752-B47775D400E8}.Release|x64.Build.0 = Release|Any CPU
		{0FDA4091-9708-4F50-8752-B47775D400E8}.Release|x86.ActiveCfg = Release|Any CPU
		{0FDA4091-9708-4F50-8752-B47775D400E8}.Release|x86.Build.0 = Release|Any CPU
		{0A9B20C6-B245-45B1-B12E-BEBA5AB66960}.Debug|Any CPU.ActiveCfg = Debug|Any CPU
		{0A9B20C6-B245-45B1-B12E-BEBA5AB66960}.Debug|Any CPU.Build.0 = Debug|Any CPU
		{0A9B20C6-B245-45B1-B12E-BEBA5AB66960}.Debug|x64.ActiveCfg = Debug|Any CPU
		{0A9B20C6-B245-45B1-B12E-BEBA5AB66960}.Debug|x64.Build.0 = Debug|Any CPU
		{0A9B20C6-B245-45B1-B12E-BEBA5AB66960}.Debug|x86.ActiveCfg = Debug|Any CPU
		{0A9B20C6-B245-45B1-B12E-BEBA5AB66960}.Debug|x86.Build.0 = Debug|Any CPU
		{0A9B20C6-B245-45B1-B12E-BEBA5AB66960}.Release|Any CPU.ActiveCfg = Release|Any CPU
		{0A9B20C6-B245-45B1-B12E-BEBA5AB66960}.Release|Any CPU.Build.0 = Release|Any CPU
		{0A9B20C6-B245-45B1-B12E-BEBA5AB66960}.Release|x64.ActiveCfg = Release|Any CPU
		{0A9B20C6-B245-45B1-B12E-BEBA5AB66960}.Release|x64.Build.0 = Release|Any CPU
		{0A9B20C6-B245-45B1-B12E-BEBA5AB66960}.Release|x86.ActiveCfg = Release|Any CPU
		{0A9B20C6-B245-45B1-B12E-BEBA5AB66960}.Release|x86.Build.0 = Release|Any CPU
		{5D31AAD0-5285-4FAB-BFCD-DD482F3E5F60}.Debug|Any CPU.ActiveCfg = Debug|Any CPU
		{5D31AAD0-5285-4FAB-BFCD-DD482F3E5F60}.Debug|Any CPU.Build.0 = Debug|Any CPU
		{5D31AAD0-5285-4FAB-BFCD-DD482F3E5F60}.Debug|x64.ActiveCfg = Debug|Any CPU
		{5D31AAD0-5285-4FAB-BFCD-DD482F3E5F60}.Debug|x64.Build.0 = Debug|Any CPU
		{5D31AAD0-5285-4FAB-BFCD-DD482F3E5F60}.Debug|x86.ActiveCfg = Debug|Any CPU
		{5D31AAD0-5285-4FAB-BFCD-DD482F3E5F60}.Debug|x86.Build.0 = Debug|Any CPU
		{5D31AAD0-5285-4FAB-BFCD-DD482F3E5F60}.Release|Any CPU.ActiveCfg = Release|Any CPU
		{5D31AAD0-5285-4FAB-BFCD-DD482F3E5F60}.Release|Any CPU.Build.0 = Release|Any CPU
		{5D31AAD0-5285-4FAB-BFCD-DD482F3E5F60}.Release|x64.ActiveCfg = Release|Any CPU
		{5D31AAD0-5285-4FAB-BFCD-DD482F3E5F60}.Release|x64.Build.0 = Release|Any CPU
		{5D31AAD0-5285-4FAB-BFCD-DD482F3E5F60}.Release|x86.ActiveCfg = Release|Any CPU
		{5D31AAD0-5285-4FAB-BFCD-DD482F3E5F60}.Release|x86.Build.0 = Release|Any CPU
		{13991863-092E-4F0A-B08E-F1CDFD57AAC6}.Debug|Any CPU.ActiveCfg = Debug|Any CPU
		{13991863-092E-4F0A-B08E-F1CDFD57AAC6}.Debug|Any CPU.Build.0 = Debug|Any CPU
		{13991863-092E-4F0A-B08E-F1CDFD57AAC6}.Debug|x64.ActiveCfg = Debug|Any CPU
		{13991863-092E-4F0A-B08E-F1CDFD57AAC6}.Debug|x64.Build.0 = Debug|Any CPU
		{13991863-092E-4F0A-B08E-F1CDFD57AAC6}.Debug|x86.ActiveCfg = Debug|Any CPU
		{13991863-092E-4F0A-B08E-F1CDFD57AAC6}.Debug|x86.Build.0 = Debug|Any CPU
		{13991863-092E-4F0A-B08E-F1CDFD57AAC6}.Release|Any CPU.ActiveCfg = Release|Any CPU
		{13991863-092E-4F0A-B08E-F1CDFD57AAC6}.Release|Any CPU.Build.0 = Release|Any CPU
		{13991863-092E-4F0A-B08E-F1CDFD57AAC6}.Release|x64.ActiveCfg = Release|Any CPU
		{13991863-092E-4F0A-B08E-F1CDFD57AAC6}.Release|x64.Build.0 = Release|Any CPU
		{13991863-092E-4F0A-B08E-F1CDFD57AAC6}.Release|x86.ActiveCfg = Release|Any CPU
		{13991863-092E-4F0A-B08E-F1CDFD57AAC6}.Release|x86.Build.0 = Release|Any CPU
	EndGlobalSection
	GlobalSection(SolutionProperties) = preSolution
		HideSolutionNode = FALSE
	EndGlobalSection
	GlobalSection(NestedProjects) = preSolution
		{90525D6D-7F6A-4CD1-A397-741BF1CA33EB} = {FF776109-091E-46A0-9971-9F8F1DB6ECA8}
		{0FDA4091-9708-4F50-8752-B47775D400E8} = {FF776109-091E-46A0-9971-9F8F1DB6ECA8}
		{0A9B20C6-B245-45B1-B12E-BEBA5AB66960} = {FF776109-091E-46A0-9971-9F8F1DB6ECA8}
		{5D31AAD0-5285-4FAB-BFCD-DD482F3E5F60} = {AAFAD91F-F6C4-4958-A9CF-0E16AD99E0BD}
		{13991863-092E-4F0A-B08E-F1CDFD57AAC6} = {FF776109-091E-46A0-9971-9F8F1DB6ECA8}
	EndGlobalSection
	GlobalSection(ExtensibilityGlobals) = postSolution
		SolutionGuid = {1FF84CD6-75B5-4787-8F83-48C6DFC01025}
	EndGlobalSection
EndGlobal
